
Microsoft Visual Studio Solution File, Format Version 12.00
# Visual Studio Version 17
VisualStudioVersion = 17.9.34728.123
MinimumVisualStudioVersion = 10.0.40219.1
Project("{FAE04EC0-301F-11D3-BF4B-00C04F79EFBC}") = "Moodle", "Moodle.csproj", "{9D866087-82A1-478B-8C64-260EAC7AD5CC}"
EndProject
Global
	GlobalSection(SolutionConfigurationPlatforms) = preSolution
		Debug|Any CPU = Debug|Any CPU
		Release|Any CPU = Release|Any CPU
	EndGlobalSection
	GlobalSection(ProjectConfigurationPlatforms) = postSolution
		{9D866087-82A1-478B-8C64-260EAC7AD5CC}.Debug|Any CPU.ActiveCfg = Debug|Any CPU
		{9D866087-82A1-478B-8C64-260EAC7AD5CC}.Debug|Any CPU.Build.0 = Debug|Any CPU
		{9D866087-82A1-478B-8C64-260EAC7AD5CC}.Release|Any CPU.ActiveCfg = Release|Any CPU
		{9D866087-82A1-478B-8C64-260EAC7AD5CC}.Release|Any CPU.Build.0 = Release|Any CPU
	EndGlobalSection
	GlobalSection(SolutionProperties) = preSolution
		HideSolutionNode = FALSE
	EndGlobalSection
	GlobalSection(ExtensibilityGlobals) = postSolution
		SolutionGuid = {3B50140F-FE85-4035-B68D-509D7144FD06}
	EndGlobalSection
EndGlobal
